# This file is automatically @generated by Cargo.
# It is not intended for manual editing.
version = 4

[[package]]
name = "archmage"
version = "0.9.19"
source = "registry+https://github.com/rust-lang/crates.io-index"
checksum = "365fca647ae78782eb112df49d25a3c6891c95f8a118eb942ea52a562e20d3df"
dependencies = [
 "archmage-macros",
 "safe_unaligned_simd",
]

[[package]]
name = "archmage-macros"
version = "0.9.19"
source = "registry+https://github.com/rust-lang/crates.io-index"
checksum = "f06d01d56dbc8b94d5d78f1dd71fcefaa131e2ab4daf6ffede59e28757dc6ff2"
dependencies = [
 "proc-macro2",
 "quote",
 "syn",
]

[[package]]
name = "enough"
version = "0.4.4"
source = "registry+https://github.com/rust-lang/crates.io-index"
checksum = "f8e1bd41ecce82c300d0c84fa35b080fa6db50a5398b18f1abf0357bb067549e"

[[package]]
name = "heic"
version = "0.1.2"
source = "registry+https://github.com/rust-lang/crates.io-index"
checksum = "125635c740d8e52ccbb20ad9abe6fc2484fbed88db392c91491dd00b672ac0cd"
dependencies = [
 "archmage",
 "enough",
 "magetypes",
 "safe_unaligned_simd",
 "whereat",
]

[[package]]
name = "heic_plugin"
version = "0.1.0"
dependencies = [
 "heic",
]

[[package]]
name = "magetypes"
version = "0.9.19"
source = "registry+https://github.com/rust-lang/crates.io-index"
checksum = "7b4ad2b56915b91b742a3bdd060ba4435ee92d60d4fc2087c4e6066bd4004434"
dependencies = [
 "archmage",
]

[[package]]
name = "proc-macro2"
version = "1.0.106"
source = "registry+https://github.com/rust-lang/crates.io-index"
checksum = "8fd00f0bb2e90d81d1044c2b32617f68fcb9fa3bb7640c23e9c748e53fb30934"
dependencies = [
 "unicode-ident",
]

[[package]]
name = "quote"
version = "1.0.45"
source = "registry+https://github.com/rust-lang/crates.io-index"
checksum = "41f2619966050689382d2b44f664f4bc593e129785a36d6ee376ddf37259b924"
dependencies = [
 "proc-macro2",
]

[[package]]
name = "safe_unaligned_simd"
version = "0.2.5"
source = "registry+https://github.com/rust-lang/crates.io-index"
checksum = "f9c874fb993656d484725d58fbfddb39dfcf98ebcadc1a1d09568aa6b39bafba"

[[package]]
name = "syn"
version = "2.0.117"
source = "registry+https://github.com/rust-lang/crates.io-index"
checksum = "e665b8803e7b1d2a727f4023456bbbbe74da67099c585258af0ad9c5013b9b99"
dependencies = [
 "proc-macro2",
 "quote",
 "unicode-ident",
]

[[package]]
name = "unicode-ident"
version = "1.0.24"
source = "registry+https://github.com/rust-lang/crates.io-index"
checksum = "e6e4313cd5fcd3dad5cafa179702e2b244f760991f45397d14d4ebf38247da75"

[[package]]
name = "whereat"
version = "0.1.5"
source = "registry+https://github.com/rust-lang/crates.io-index"
checksum = "ab90f361db038ba3135da12c938c328fb43a012992101879e3d6ebccb4d7eba8"
